<?xml version="1.0" encoding="UTF-8"?>
<Scheme
   LastUpgradeVersion = "0830"
   version = "1.3">
   <BuildAction
      parallelizeBuildables = "YES"
      buildImplicitDependencies = "YES">
      <BuildActionEntries>
         <BuildActionEntry
            buildForTesting = "YES"
            buildForRunning = "YES"
            buildForProfiling = "YES"
            buildForArchiving = "YES"
            buildForAnalyzing = "YES">
            <BuildableReference
               BuildableIdentifier = "primary"
               BlueprintIdentifier = "94E6EC031EE0084A00A850E1"
               BuildableName = "Interactuando-con-el-hardware-del-dispositivo-iOS_Semana-5_EjemploFotos.app"
               BlueprintName = "Interactuando-con-el-hardware-del-dispositivo-iOS_Semana-5_EjemploFotos"
               ReferencedContainer = "container:Interactuando-con-el-hardware-del-dispositivo-iOS_Semana-5_EjemploFotos.xcodeproj">
            </BuildableReference>
         </BuildActionEntry>
      </BuildActionEntries>
   </BuildAction>
   <TestAction
      buildConfiguration = "Debug"
      selectedDebuggerIdentifier = "Xcode.DebuggerFoundation.Debugger.LLDB"
      selectedLauncherIdentifier = "Xcode.DebuggerFoundation.Launcher.LLDB"
      shouldUseLaunchSchemeArgsEnv = "YES">
      <Testables>
         <TestableReference
            skipped = "NO">
            <BuildableReference
               BuildableIdentifier = "primary"
               BlueprintIdentifier = "94E6EC171EE0084B00A850E1"
               BuildableName = "Interactuando-con-el-hardware-del-dispositivo-iOS_Semana-5_EjemploFotosTests.xctest"
               BlueprintName = "Interactuando-con-el-hardware-del-dispositivo-iOS_Semana-5_EjemploFotosTests"
               ReferencedContainer = "container:Interactuando-con-el-hardware-del-dispositivo-iOS_Semana-5_EjemploFotos.xcodeproj">
            </BuildableReference>
         </TestableReference>
         <TestableReference
            skipped = "NO">
            <BuildableReference
               BuildableIdentifier = "primary"
               BlueprintIdentifier = "94E6EC221EE0084B00A850E1"
               BuildableName = "Interactuando-con-el-hardware-del-dispositivo-iOS_Semana-5_EjemploFotosUITests.xctest"
               BlueprintName = "Interactuando-con-el-hardware-del-dispositivo-iOS_Semana-5_EjemploFotosUITests"
               ReferencedContainer = "container:Interactuando-con-el-hardware-del-dispositivo-iOS_Semana-5_EjemploFotos.xcodeproj">
            </BuildableReference>
         </TestableReference>
      </Testables>
      <MacroExpansion>
         <BuildableReference
            BuildableIdentifier = "primary"
            BlueprintIdentifier = "94E6EC031EE0084A00A850E1"
            BuildableName = "Interactuando-con-el-hardware-del-dispositivo-iOS_Semana-5_EjemploFotos.app"
            BlueprintName = "Interactuando-con-el-hardware-del-dispositivo-iOS_Semana-5_EjemploFotos"
            ReferencedContainer = "container:Interactuando-con-el-hardware-del-dispositivo-iOS_Semana-5_EjemploFotos.xcodeproj">
         </BuildableReference>
      </MacroExpansion>
      <AdditionalOptions>
      </AdditionalOptions>
   </TestAction>
   <LaunchAction
      buildConfiguration = "Debug"
      selectedDebuggerIdentifier = "Xcode.DebuggerFoundation.Debugger.LLDB"
      selectedLauncherIdentifier = "Xcode.DebuggerFoundation.Launcher.LLDB"
      launchStyle = "0"
      useCustomWorkingDirectory = "NO"
      ignoresPersistentStateOnLaunch = "NO"
      debugDocumentVersioning = "YES"
      debugServiceExtension = "internal"
      allowLocationSimulation = "YES">
      <BuildableProductRunnable
         runnableDebuggingMode = "0">
         <BuildableReference
            BuildableIdentifier = "primary"
            BlueprintIdentifier = "94E6EC031EE0084A00A850E1"
            BuildableName = "Interactuando-con-el-hardware-del-dispositivo-iOS_Semana-5_EjemploFotos.app"
            BlueprintName = "Interactuando-con-el-hardware-del-dispositivo-iOS_Semana-5_EjemploFotos"
            ReferencedContainer = "container:Interactuando-con-el-hardware-del-dispositivo-iOS_Semana-5_EjemploFotos.xcodeproj">
         </BuildableReference>
      </BuildableProductRunnable>
      <AdditionalOptions>
      </AdditionalOptions>
   </LaunchAction>
   <ProfileAction
      buildConfiguration = "Release"
      shouldUseLaunchSchemeArgsEnv = "YES"
      savedToolIdentifier = ""
      useCustomWorkingDirectory = "NO"
      debugDocumentVersioning = "YES">
      <BuildableProductRunnable
         runnableDebuggingMode = "0">
         <BuildableReference
            BuildableIdentifier = "primary"
            BlueprintIdentifier = "94E6EC031EE0084A00A850E1"
            BuildableName = "Interactuando-con-el-hardware-del-dispositivo-iOS_Semana-5_EjemploFotos.app"
            BlueprintName = "Interactuando-con-el-hardware-del-dispositivo-iOS_Semana-5_EjemploFotos"
            ReferencedContainer = "container:Interactuando-con-el-hardware-del-dispositivo-iOS_Semana-5_EjemploFotos.xcodeproj">
         </BuildableReference>
      </BuildableProductRunnable>
   </ProfileAction>
   <AnalyzeAction
      buildConfiguration = "Debug">
   </AnalyzeAction>
   <ArchiveAction
      buildConfiguration = "Release"
      revealArchiveInOrganizer = "YES">
   </ArchiveAction>
</Scheme>
